
Microsoft Visual Studio Solution File, Format Version 12.00
# Visual Studio Version 17
VisualStudioVersion = 17.8.34511.84
MinimumVisualStudioVersion = 10.0.40219.1
Project("{FAE04EC0-301F-11D3-BF4B-00C04F79EFBC}") = "AutomobileLibrary", "AutomobileLibrary\AutomobileLibrary.csproj", "{CAA068AF-076D-459A-B514-FA4E97181749}"
EndProject
Project("{FAE04EC0-301F-11D3-BF4B-00C04F79EFBC}") = "AutomobileWebApp", "AutomobileWebApp\AutomobileWebApp.csproj", "{E17F5C27-DC2E-4D38-AE96-2F213A10CF53}"
EndProject
Global
	GlobalSection(SolutionConfigurationPlatforms) = preSolution
		Debug|Any CPU = Debug|Any CPU
		Release|Any CPU = Release|Any CPU
	EndGlobalSection
	GlobalSection(ProjectConfigurationPlatforms) = postSolution
		{CAA068AF-076D-459A-B514-FA4E97181749}.Debug|Any CPU.ActiveCfg = Debug|Any CPU
		{CAA068AF-076D-459A-B514-FA4E97181749}.Debug|Any CPU.Build.0 = Debug|Any CPU
		{CAA068AF-076D-459A-B514-FA4E97181749}.Release|Any CPU.ActiveCfg = Release|Any CPU
		{CAA068AF-076D-459A-B514-FA4E97181749}.Release|Any CPU.Build.0 = Release|Any CPU
		{E17F5C27-DC2E-4D38-AE96-2F213A10CF53}.Debug|Any CPU.ActiveCfg = Debug|Any CPU
		{E17F5C27-DC2E-4D38-AE96-2F213A10CF53}.Debug|Any CPU.Build.0 = Debug|Any CPU
		{E17F5C27-DC2E-4D38-AE96-2F213A10CF53}.Release|Any CPU.ActiveCfg = Release|Any CPU
		{E17F5C27-DC2E-4D38-AE96-2F213A10CF53}.Release|Any CPU.Build.0 = Release|Any CPU
	EndGlobalSection
	GlobalSection(SolutionProperties) = preSolution
		HideSolutionNode = FALSE
	EndGlobalSection
	GlobalSection(ExtensibilityGlobals) = postSolution
		SolutionGuid = {2C748856-9135-4EC8-99B2-6374A58DC64A}
	EndGlobalSection
EndGlobal
